{
  "name": "ve-justify",
  "version": "1.0.0",
  "lockfileVersion": 2,
  "requires": true,
  "packages": {
    "": {
      "name": "ve-justify",
      "version": "1.0.0",
      "dependencies": {
        "ve-justify": "^1.0.0"
      }
    },
    "node_modules/ve-justify": {
      "version": "1.0.0",
      "resolved": "https://packages.aliyun.com/66446adc0696b7622092958e/npm/npm-registry/ve-justify/-/ve-justify-1.0.0.tgz",
      "integrity": "sha512-KwNnC/TghVlujm/18a39Zpd4XyXQ1AN8JEjNQRsVwaCbyZKM7jcRY3uPHfO32fvatTWL3eo2FeYVizHEi54bjQ=="
    }
  },
  "dependencies": {
    "ve-justify": {
      "version": "1.0.0",
      "resolved": "https://packages.aliyun.com/66446adc0696b7622092958e/npm/npm-registry/ve-justify/-/ve-justify-1.0.0.tgz",
      "integrity": "sha512-KwNnC/TghVlujm/18a39Zpd4XyXQ1AN8JEjNQRsVwaCbyZKM7jcRY3uPHfO32fvatTWL3eo2FeYVizHEi54bjQ=="
    }
  }
}
