{
  "name": "ve-pagination",
  "version": "1.0.0",
  "lockfileVersion": 2,
  "requires": true,
  "packages": {
    "": {
      "name": "ve-pagination",
      "version": "1.0.0",
      "dependencies": {
        "ve-logo": "^1.0.0"
      }
    },
    "node_modules/ve-logo": {
      "version": "1.0.0",
      "resolved": "https://packages.aliyun.com/66446adc0696b7622092958e/npm/npm-registry/ve-logo/-/ve-logo-1.0.0.tgz",
      "integrity": "sha512-uB8AsnkKog64S3oRkmu59Hjt+FttBEvbNZlRdTCJiPI545uCv6Xc2BdBue4dscYVYfsyMeUwNt2oWlyvfzCXsg=="
    }
  },
  "dependencies": {
    "ve-logo": {
      "version": "1.0.0",
      "resolved": "https://packages.aliyun.com/66446adc0696b7622092958e/npm/npm-registry/ve-logo/-/ve-logo-1.0.0.tgz",
      "integrity": "sha512-uB8AsnkKog64S3oRkmu59Hjt+FttBEvbNZlRdTCJiPI545uCv6Xc2BdBue4dscYVYfsyMeUwNt2oWlyvfzCXsg=="
    }
  }
}
